[0m[1mgoogle_project_service.required_apis["iam.googleapis.com"]: Refreshing state... [id=htwg-cloudapp-hw/iam.googleapis.com][0m
[0m[1mgoogle_project_service.required_apis["container.googleapis.com"]: Refreshing state... [id=htwg-cloudapp-hw/container.googleapis.com][0m
[0m[1mgoogle_project_service.required_apis["compute.googleapis.com"]: Refreshing state... [id=htwg-cloudapp-hw/compute.googleapis.com][0m
[0m[1mgoogle_project_service.required_apis["containerregistry.googleapis.com"]: Refreshing state... [id=htwg-cloudapp-hw/containerregistry.googleapis.com][0m
[0m[1mdata.google_client_config.default: Reading...[0m[0m
[0m[1mdata.google_client_config.default: Read complete after 0s [id=projects/"htwg-cloudapp-hw"/regions/"europe-west1"/zones/<null>][0m

Terraform used the selected providers to generate the following execution
plan. Resource actions are indicated with the following symbols:
  [32m+[0m create[0m
 [36m<=[0m read (data resources)[0m

Terraform will perform the following actions:

[1m  # data.google_container_cluster.primary[0m will be read during apply
  # (depends on a resource or a module with changes pending)
[0m [36m<=[0m[0m data "google_container_cluster" "primary" {
      [32m+[0m[0m addons_config                            = (known after apply)
      [32m+[0m[0m allow_net_admin                          = (known after apply)
      [32m+[0m[0m authenticator_groups_config              = (known after apply)
      [32m+[0m[0m binary_authorization                     = (known after apply)
      [32m+[0m[0m cluster_autoscaling                      = (known after apply)
      [32m+[0m[0m cluster_ipv4_cidr                        = (known after apply)
      [32m+[0m[0m confidential_nodes                       = (known after apply)
      [32m+[0m[0m cost_management_config                   = (known after apply)
      [32m+[0m[0m database_encryption                      = (known after apply)
      [32m+[0m[0m datapath_provider                        = (known after apply)
      [32m+[0m[0m default_max_pods_per_node                = (known after apply)
      [32m+[0m[0m default_snat_status                      = (known after apply)
      [32m+[0m[0m deletion_protection                      = (known after apply)
      [32m+[0m[0m description                              = (known after apply)
      [32m+[0m[0m dns_config                               = (known after apply)
      [32m+[0m[0m enable_autopilot                         = (known after apply)
      [32m+[0m[0m enable_cilium_clusterwide_network_policy = (known after apply)
      [32m+[0m[0m enable_intranode_visibility              = (known after apply)
      [32m+[0m[0m enable_k8s_beta_apis                     = (known after apply)
      [32m+[0m[0m enable_kubernetes_alpha                  = (known after apply)
      [32m+[0m[0m enable_l4_ilb_subsetting                 = (known after apply)
      [32m+[0m[0m enable_legacy_abac                       = (known after apply)
      [32m+[0m[0m enable_multi_networking                  = (known after apply)
      [32m+[0m[0m enable_shielded_nodes                    = (known after apply)
      [32m+[0m[0m enable_tpu                               = (known after apply)
      [32m+[0m[0m endpoint                                 = (known after apply)
      [32m+[0m[0m fleet                                    = (known after apply)
      [32m+[0m[0m gateway_api_config                       = (known after apply)
      [32m+[0m[0m id                                       = (known after apply)
      [32m+[0m[0m identity_service_config                  = (known after apply)
      [32m+[0m[0m initial_node_count                       = (known after apply)
      [32m+[0m[0m ip_allocation_policy                     = (known after apply)
      [32m+[0m[0m label_fingerprint                        = (known after apply)
      [32m+[0m[0m location                                 = "europe-west1"
      [32m+[0m[0m logging_config                           = (known after apply)
      [32m+[0m[0m logging_service                          = (known after apply)
      [32m+[0m[0m maintenance_policy                       = (known after apply)
      [32m+[0m[0m master_auth                              = (known after apply)
      [32m+[0m[0m master_authorized_networks_config        = (known after apply)
      [32m+[0m[0m master_version                           = (known after apply)
      [32m+[0m[0m mesh_certificates                        = (known after apply)
      [32m+[0m[0m min_master_version                       = (known after apply)
      [32m+[0m[0m monitoring_config                        = (known after apply)
      [32m+[0m[0m monitoring_service                       = (known after apply)
      [32m+[0m[0m name                                     = "cloud-app-cluster"
      [32m+[0m[0m network                                  = (known after apply)
      [32m+[0m[0m network_policy                           = (known after apply)
      [32m+[0m[0m networking_mode                          = (known after apply)
      [32m+[0m[0m node_config                              = (known after apply)
      [32m+[0m[0m node_locations                           = (known after apply)
      [32m+[0m[0m node_pool                                = (known after apply)
      [32m+[0m[0m node_pool_auto_config                    = (known after apply)
      [32m+[0m[0m node_pool_defaults                       = (known after apply)
      [32m+[0m[0m node_version                             = (known after apply)
      [32m+[0m[0m notification_config                      = (known after apply)
      [32m+[0m[0m operation                                = (known after apply)
      [32m+[0m[0m private_cluster_config                   = (known after apply)
      [32m+[0m[0m private_ipv6_google_access               = (known after apply)
      [32m+[0m[0m release_channel                          = (known after apply)
      [32m+[0m[0m remove_default_node_pool                 = (known after apply)
      [32m+[0m[0m resource_labels                          = (known after apply)
      [32m+[0m[0m resource_usage_export_config             = (known after apply)
      [32m+[0m[0m security_posture_config                  = (known after apply)
      [32m+[0m[0m self_link                                = (known after apply)
      [32m+[0m[0m service_external_ips_config              = (known after apply)
      [32m+[0m[0m services_ipv4_cidr                       = (known after apply)
      [32m+[0m[0m subnetwork                               = (known after apply)
      [32m+[0m[0m tpu_ipv4_cidr_block                      = (known after apply)
      [32m+[0m[0m vertical_pod_autoscaling                 = (known after apply)
      [32m+[0m[0m workload_identity_config                 = (known after apply)
    }

[1m  # google_container_cluster.primary[0m will be created
[0m  [32m+[0m[0m resource "google_container_cluster" "primary" {
      [32m+[0m[0m cluster_ipv4_cidr                        = (known after apply)
      [32m+[0m[0m datapath_provider                        = (known after apply)
      [32m+[0m[0m default_max_pods_per_node                = (known after apply)
      [32m+[0m[0m deletion_protection                      = true
      [32m+[0m[0m enable_cilium_clusterwide_network_policy = false
      [32m+[0m[0m enable_intranode_visibility              = (known after apply)
      [32m+[0m[0m enable_kubernetes_alpha                  = false
      [32m+[0m[0m enable_l4_ilb_subsetting                 = false
      [32m+[0m[0m enable_legacy_abac                       = false
      [32m+[0m[0m enable_multi_networking                  = false
      [32m+[0m[0m enable_shielded_nodes                    = true
      [32m+[0m[0m endpoint                                 = (known after apply)
      [32m+[0m[0m id                                       = (known after apply)
      [32m+[0m[0m initial_node_count                       = 1
      [32m+[0m[0m label_fingerprint                        = (known after apply)
      [32m+[0m[0m location                                 = "europe-west1"
      [32m+[0m[0m logging_service                          = (known after apply)
      [32m+[0m[0m master_version                           = (known after apply)
      [32m+[0m[0m monitoring_service                       = (known after apply)
      [32m+[0m[0m name                                     = "cloud-app-cluster"
      [32m+[0m[0m network                                  = "default"
      [32m+[0m[0m networking_mode                          = (known after apply)
      [32m+[0m[0m node_locations                           = (known after apply)
      [32m+[0m[0m node_version                             = (known after apply)
      [32m+[0m[0m operation                                = (known after apply)
      [32m+[0m[0m private_ipv6_google_access               = (known after apply)
      [32m+[0m[0m project                                  = (known after apply)
      [32m+[0m[0m remove_default_node_pool                 = true
      [32m+[0m[0m self_link                                = (known after apply)
      [32m+[0m[0m services_ipv4_cidr                       = (known after apply)
      [32m+[0m[0m subnetwork                               = "default"
      [32m+[0m[0m tpu_ipv4_cidr_block                      = (known after apply)

      [32m+[0m[0m addons_config (known after apply)

      [32m+[0m[0m authenticator_groups_config (known after apply)

      [32m+[0m[0m cluster_autoscaling (known after apply)

      [32m+[0m[0m confidential_nodes (known after apply)

      [32m+[0m[0m cost_management_config (known after apply)

      [32m+[0m[0m database_encryption (known after apply)

      [32m+[0m[0m default_snat_status (known after apply)

      [32m+[0m[0m gateway_api_config (known after apply)

      [32m+[0m[0m identity_service_config (known after apply)

      [32m+[0m[0m ip_allocation_policy (known after apply)

      [32m+[0m[0m logging_config (known after apply)

      [32m+[0m[0m master_auth {
          [32m+[0m[0m client_certificate     = (known after apply)
          [32m+[0m[0m client_key             = (sensitive value)
          [32m+[0m[0m cluster_ca_certificate = (known after apply)

          [32m+[0m[0m client_certificate_config {
              [32m+[0m[0m issue_client_certificate = false
            }
        }

      [32m+[0m[0m master_authorized_networks_config (known after apply)

      [32m+[0m[0m mesh_certificates (known after apply)

      [32m+[0m[0m monitoring_config (known after apply)

      [32m+[0m[0m node_config (known after apply)

      [32m+[0m[0m node_pool (known after apply)

      [32m+[0m[0m node_pool_auto_config (known after apply)

      [32m+[0m[0m node_pool_defaults (known after apply)

      [32m+[0m[0m notification_config (known after apply)

      [32m+[0m[0m release_channel (known after apply)

      [32m+[0m[0m security_posture_config (known after apply)

      [32m+[0m[0m service_external_ips_config (known after apply)

      [32m+[0m[0m vertical_pod_autoscaling (known after apply)

      [32m+[0m[0m workload_identity_config {
          [32m+[0m[0m workload_pool = "htwg-cloudapp-hw.svc.id.goog"
        }
    }

[1m  # google_container_node_pool.primary_nodes[0m will be created
[0m  [32m+[0m[0m resource "google_container_node_pool" "primary_nodes" {
      [32m+[0m[0m cluster                     = "cloud-app-cluster"
      [32m+[0m[0m id                          = (known after apply)
      [32m+[0m[0m initial_node_count          = 1
      [32m+[0m[0m instance_group_urls         = (known after apply)
      [32m+[0m[0m location                    = "europe-west1"
      [32m+[0m[0m managed_instance_group_urls = (known after apply)
      [32m+[0m[0m max_pods_per_node           = (known after apply)
      [32m+[0m[0m name                        = "cloud-app-cluster-node-pool"
      [32m+[0m[0m name_prefix                 = (known after apply)
      [32m+[0m[0m node_count                  = (known after apply)
      [32m+[0m[0m node_locations              = (known after apply)
      [32m+[0m[0m operation                   = (known after apply)
      [32m+[0m[0m project                     = "htwg-cloudapp-hw"
      [32m+[0m[0m version                     = (known after apply)

      [32m+[0m[0m autoscaling {
          [32m+[0m[0m location_policy = (known after apply)
          [32m+[0m[0m max_node_count  = 2
          [32m+[0m[0m min_node_count  = 1
        }

      [32m+[0m[0m management {
          [32m+[0m[0m auto_repair  = true
          [32m+[0m[0m auto_upgrade = true
        }

      [32m+[0m[0m network_config (known after apply)

      [32m+[0m[0m node_config {
          [32m+[0m[0m disk_size_gb      = 15
          [32m+[0m[0m disk_type         = (known after apply)
          [32m+[0m[0m effective_taints  = (known after apply)
          [32m+[0m[0m guest_accelerator = (known after apply)
          [32m+[0m[0m image_type        = (known after apply)
          [32m+[0m[0m labels            = {
              [32m+[0m[0m "env"     = "dev"
              [32m+[0m[0m "project" = "htwg-cloudapp-hw"
            }
          [32m+[0m[0m local_ssd_count   = (known after apply)
          [32m+[0m[0m logging_variant   = (known after apply)
          [32m+[0m[0m machine_type      = "e2-small"
          [32m+[0m[0m metadata          = (known after apply)
          [32m+[0m[0m min_cpu_platform  = (known after apply)
          [32m+[0m[0m oauth_scopes      = [
              [32m+[0m[0m "https://www.googleapis.com/auth/cloud-platform",
              [32m+[0m[0m "https://www.googleapis.com/auth/devstorage.read_only",
              [32m+[0m[0m "https://www.googleapis.com/auth/logging.write",
              [32m+[0m[0m "https://www.googleapis.com/auth/monitoring",
            ]
          [32m+[0m[0m preemptible       = false
          [32m+[0m[0m service_account   = (known after apply)
          [32m+[0m[0m spot              = false
          [32m+[0m[0m tags              = [
              [32m+[0m[0m "gke-node",
              [32m+[0m[0m "cloud-app-cluster",
            ]

          [32m+[0m[0m confidential_nodes (known after apply)

          [32m+[0m[0m gcfs_config (known after apply)

          [32m+[0m[0m kubelet_config (known after apply)

          [32m+[0m[0m shielded_instance_config (known after apply)

          [32m+[0m[0m workload_metadata_config {
              [32m+[0m[0m mode = "GKE_METADATA"
            }
        }

      [32m+[0m[0m upgrade_settings (known after apply)
    }

[1mPlan:[0m 2 to add, 0 to change, 0 to destroy.
[0m
Changes to Outputs:
  [32m+[0m[0m cluster_endpoint = (sensitive value)
[0m[1mgoogle_container_cluster.primary: Creating...[0m[0m
[31m╷[0m[0m
[31m│[0m [0m[1m[31mError: [0m[0m[1mgoogleapi: Error 403: Insufficient regional quota to satisfy request: resource "SSD_TOTAL_GB": request requires '300.0' and is short '50.0'. project has a quota of '250.0' with '250.0' available. View and manage quotas at https://console.cloud.google.com/iam-admin/quotas?usage=USED&project=htwg-cloudapp-hw.
[31m│[0m [0mDetails:
[31m│[0m [0m[
[31m│[0m [0m  {
[31m│[0m [0m    "@type": "type.googleapis.com/google.rpc.RequestInfo",
[31m│[0m [0m    "requestId": "0xc17b74215e6b912"
[31m│[0m [0m  },
[31m│[0m [0m  {
[31m│[0m [0m    "@type": "type.googleapis.com/google.rpc.ErrorInfo",
[31m│[0m [0m    "domain": "container.googleapis.com",
[31m│[0m [0m    "reason": "INSUFFICIENT_QUOTA_REGIONAL"
[31m│[0m [0m  }
[31m│[0m [0m]
[31m│[0m [0m, forbidden[0m
[31m│[0m [0m
[31m│[0m [0m[0m  with google_container_cluster.primary,
[31m│[0m [0m  on main.tf line 69, in resource "google_container_cluster" "primary":
[31m│[0m [0m  69: resource "google_container_cluster" "primary" [4m{[0m[0m
[31m│[0m [0m
[31m╵[0m[0m
[0m[1mgoogle_project_service.required_apis["compute.googleapis.com"]: Refreshing state... [id=htwg-cloudapp-hw/compute.googleapis.com][0m
[0m[1mdata.google_client_config.default: Reading...[0m[0m
[0m[1mgoogle_project_service.required_apis["iam.googleapis.com"]: Refreshing state... [id=htwg-cloudapp-hw/iam.googleapis.com][0m
[0m[1mgoogle_project_service.required_apis["containerregistry.googleapis.com"]: Refreshing state... [id=htwg-cloudapp-hw/containerregistry.googleapis.com][0m
[0m[1mgoogle_project_service.required_apis["container.googleapis.com"]: Refreshing state... [id=htwg-cloudapp-hw/container.googleapis.com][0m
[0m[1mdata.google_client_config.default: Read complete after 0s [id=projects/"htwg-cloudapp-hw"/regions/"europe-west1"/zones/<null>][0m

Terraform used the selected providers to generate the following execution
plan. Resource actions are indicated with the following symbols:
  [32m+[0m create[0m
 [36m<=[0m read (data resources)[0m

Terraform will perform the following actions:

[1m  # data.google_container_cluster.primary[0m will be read during apply
  # (depends on a resource or a module with changes pending)
[0m [36m<=[0m[0m data "google_container_cluster" "primary" {
      [32m+[0m[0m addons_config                            = (known after apply)
      [32m+[0m[0m allow_net_admin                          = (known after apply)
      [32m+[0m[0m authenticator_groups_config              = (known after apply)
      [32m+[0m[0m binary_authorization                     = (known after apply)
      [32m+[0m[0m cluster_autoscaling                      = (known after apply)
      [32m+[0m[0m cluster_ipv4_cidr                        = (known after apply)
      [32m+[0m[0m confidential_nodes                       = (known after apply)
      [32m+[0m[0m cost_management_config                   = (known after apply)
      [32m+[0m[0m database_encryption                      = (known after apply)
      [32m+[0m[0m datapath_provider                        = (known after apply)
      [32m+[0m[0m default_max_pods_per_node                = (known after apply)
      [32m+[0m[0m default_snat_status                      = (known after apply)
      [32m+[0m[0m deletion_protection                      = (known after apply)
      [32m+[0m[0m description                              = (known after apply)
      [32m+[0m[0m dns_config                               = (known after apply)
      [32m+[0m[0m enable_autopilot                         = (known after apply)
      [32m+[0m[0m enable_cilium_clusterwide_network_policy = (known after apply)
      [32m+[0m[0m enable_intranode_visibility              = (known after apply)
      [32m+[0m[0m enable_k8s_beta_apis                     = (known after apply)
      [32m+[0m[0m enable_kubernetes_alpha                  = (known after apply)
      [32m+[0m[0m enable_l4_ilb_subsetting                 = (known after apply)
      [32m+[0m[0m enable_legacy_abac                       = (known after apply)
      [32m+[0m[0m enable_multi_networking                  = (known after apply)
      [32m+[0m[0m enable_shielded_nodes                    = (known after apply)
      [32m+[0m[0m enable_tpu                               = (known after apply)
      [32m+[0m[0m endpoint                                 = (known after apply)
      [32m+[0m[0m fleet                                    = (known after apply)
      [32m+[0m[0m gateway_api_config                       = (known after apply)
      [32m+[0m[0m id                                       = (known after apply)
      [32m+[0m[0m identity_service_config                  = (known after apply)
      [32m+[0m[0m initial_node_count                       = (known after apply)
      [32m+[0m[0m ip_allocation_policy                     = (known after apply)
      [32m+[0m[0m label_fingerprint                        = (known after apply)
      [32m+[0m[0m location                                 = "europe-west1"
      [32m+[0m[0m logging_config                           = (known after apply)
      [32m+[0m[0m logging_service                          = (known after apply)
      [32m+[0m[0m maintenance_policy                       = (known after apply)
      [32m+[0m[0m master_auth                              = (known after apply)
      [32m+[0m[0m master_authorized_networks_config        = (known after apply)
      [32m+[0m[0m master_version                           = (known after apply)
      [32m+[0m[0m mesh_certificates                        = (known after apply)
      [32m+[0m[0m min_master_version                       = (known after apply)
      [32m+[0m[0m monitoring_config                        = (known after apply)
      [32m+[0m[0m monitoring_service                       = (known after apply)
      [32m+[0m[0m name                                     = "cloud-app-cluster"
      [32m+[0m[0m network                                  = (known after apply)
      [32m+[0m[0m network_policy                           = (known after apply)
      [32m+[0m[0m networking_mode                          = (known after apply)
      [32m+[0m[0m node_config                              = (known after apply)
      [32m+[0m[0m node_locations                           = (known after apply)
      [32m+[0m[0m node_pool                                = (known after apply)
      [32m+[0m[0m node_pool_auto_config                    = (known after apply)
      [32m+[0m[0m node_pool_defaults                       = (known after apply)
      [32m+[0m[0m node_version                             = (known after apply)
      [32m+[0m[0m notification_config                      = (known after apply)
      [32m+[0m[0m operation                                = (known after apply)
      [32m+[0m[0m private_cluster_config                   = (known after apply)
      [32m+[0m[0m private_ipv6_google_access               = (known after apply)
      [32m+[0m[0m release_channel                          = (known after apply)
      [32m+[0m[0m remove_default_node_pool                 = (known after apply)
      [32m+[0m[0m resource_labels                          = (known after apply)
      [32m+[0m[0m resource_usage_export_config             = (known after apply)
      [32m+[0m[0m security_posture_config                  = (known after apply)
      [32m+[0m[0m self_link                                = (known after apply)
      [32m+[0m[0m service_external_ips_config              = (known after apply)
      [32m+[0m[0m services_ipv4_cidr                       = (known after apply)
      [32m+[0m[0m subnetwork                               = (known after apply)
      [32m+[0m[0m tpu_ipv4_cidr_block                      = (known after apply)
      [32m+[0m[0m vertical_pod_autoscaling                 = (known after apply)
      [32m+[0m[0m workload_identity_config                 = (known after apply)
    }

[1m  # google_container_cluster.primary[0m will be created
[0m  [32m+[0m[0m resource "google_container_cluster" "primary" {
      [32m+[0m[0m cluster_ipv4_cidr                        = (known after apply)
      [32m+[0m[0m datapath_provider                        = (known after apply)
      [32m+[0m[0m default_max_pods_per_node                = (known after apply)
      [32m+[0m[0m deletion_protection                      = true
      [32m+[0m[0m enable_cilium_clusterwide_network_policy = false
      [32m+[0m[0m enable_intranode_visibility              = (known after apply)
      [32m+[0m[0m enable_kubernetes_alpha                  = false
      [32m+[0m[0m enable_l4_ilb_subsetting                 = false
      [32m+[0m[0m enable_legacy_abac                       = false
      [32m+[0m[0m enable_multi_networking                  = false
      [32m+[0m[0m enable_shielded_nodes                    = true
      [32m+[0m[0m endpoint                                 = (known after apply)
      [32m+[0m[0m id                                       = (known after apply)
      [32m+[0m[0m initial_node_count                       = 1
      [32m+[0m[0m label_fingerprint                        = (known after apply)
      [32m+[0m[0m location                                 = "europe-west1"
      [32m+[0m[0m logging_service                          = (known after apply)
      [32m+[0m[0m master_version                           = (known after apply)
      [32m+[0m[0m monitoring_service                       = (known after apply)
      [32m+[0m[0m name                                     = "cloud-app-cluster"
      [32m+[0m[0m network                                  = "default"
      [32m+[0m[0m networking_mode                          = (known after apply)
      [32m+[0m[0m node_locations                           = (known after apply)
      [32m+[0m[0m node_version                             = (known after apply)
      [32m+[0m[0m operation                                = (known after apply)
      [32m+[0m[0m private_ipv6_google_access               = (known after apply)
      [32m+[0m[0m project                                  = (known after apply)
      [32m+[0m[0m remove_default_node_pool                 = true
      [32m+[0m[0m self_link                                = (known after apply)
      [32m+[0m[0m services_ipv4_cidr                       = (known after apply)
      [32m+[0m[0m subnetwork                               = "default"
      [32m+[0m[0m tpu_ipv4_cidr_block                      = (known after apply)

      [32m+[0m[0m addons_config (known after apply)

      [32m+[0m[0m authenticator_groups_config (known after apply)

      [32m+[0m[0m cluster_autoscaling (known after apply)

      [32m+[0m[0m confidential_nodes (known after apply)

      [32m+[0m[0m cost_management_config (known after apply)

      [32m+[0m[0m database_encryption (known after apply)

      [32m+[0m[0m default_snat_status (known after apply)

      [32m+[0m[0m gateway_api_config (known after apply)

      [32m+[0m[0m identity_service_config (known after apply)

      [32m+[0m[0m ip_allocation_policy (known after apply)

      [32m+[0m[0m logging_config (known after apply)

      [32m+[0m[0m master_auth {
          [32m+[0m[0m client_certificate     = (known after apply)
          [32m+[0m[0m client_key             = (sensitive value)
          [32m+[0m[0m cluster_ca_certificate = (known after apply)

          [32m+[0m[0m client_certificate_config {
              [32m+[0m[0m issue_client_certificate = false
            }
        }

      [32m+[0m[0m master_authorized_networks_config (known after apply)

      [32m+[0m[0m mesh_certificates (known after apply)

      [32m+[0m[0m monitoring_config (known after apply)

      [32m+[0m[0m node_config (known after apply)

      [32m+[0m[0m node_pool (known after apply)

      [32m+[0m[0m node_pool_auto_config (known after apply)

      [32m+[0m[0m node_pool_defaults (known after apply)

      [32m+[0m[0m notification_config (known after apply)

      [32m+[0m[0m release_channel (known after apply)

      [32m+[0m[0m security_posture_config (known after apply)

      [32m+[0m[0m service_external_ips_config (known after apply)

      [32m+[0m[0m vertical_pod_autoscaling (known after apply)

      [32m+[0m[0m workload_identity_config {
          [32m+[0m[0m workload_pool = "htwg-cloudapp-hw.svc.id.goog"
        }
    }

[1m  # google_container_node_pool.primary_nodes[0m will be created
[0m  [32m+[0m[0m resource "google_container_node_pool" "primary_nodes" {
      [32m+[0m[0m cluster                     = "cloud-app-cluster"
      [32m+[0m[0m id                          = (known after apply)
      [32m+[0m[0m initial_node_count          = 1
      [32m+[0m[0m instance_group_urls         = (known after apply)
      [32m+[0m[0m location                    = "europe-west1"
      [32m+[0m[0m managed_instance_group_urls = (known after apply)
      [32m+[0m[0m max_pods_per_node           = (known after apply)
      [32m+[0m[0m name                        = "cloud-app-cluster-node-pool"
      [32m+[0m[0m name_prefix                 = (known after apply)
      [32m+[0m[0m node_count                  = (known after apply)
      [32m+[0m[0m node_locations              = (known after apply)
      [32m+[0m[0m operation                   = (known after apply)
      [32m+[0m[0m project                     = "htwg-cloudapp-hw"
      [32m+[0m[0m version                     = (known after apply)

      [32m+[0m[0m autoscaling {
          [32m+[0m[0m location_policy = (known after apply)
          [32m+[0m[0m max_node_count  = 2
          [32m+[0m[0m min_node_count  = 1
        }

      [32m+[0m[0m management {
          [32m+[0m[0m auto_repair  = true
          [32m+[0m[0m auto_upgrade = true
        }

      [32m+[0m[0m network_config (known after apply)

      [32m+[0m[0m node_config {
          [32m+[0m[0m disk_size_gb      = 15
          [32m+[0m[0m disk_type         = "pd-standard"
          [32m+[0m[0m effective_taints  = (known after apply)
          [32m+[0m[0m guest_accelerator = (known after apply)
          [32m+[0m[0m image_type        = (known after apply)
          [32m+[0m[0m labels            = {
              [32m+[0m[0m "env"     = "dev"
              [32m+[0m[0m "project" = "htwg-cloudapp-hw"
            }
          [32m+[0m[0m local_ssd_count   = (known after apply)
          [32m+[0m[0m logging_variant   = (known after apply)
          [32m+[0m[0m machine_type      = "e2-small"
          [32m+[0m[0m metadata          = (known after apply)
          [32m+[0m[0m min_cpu_platform  = (known after apply)
          [32m+[0m[0m oauth_scopes      = [
              [32m+[0m[0m "https://www.googleapis.com/auth/cloud-platform",
              [32m+[0m[0m "https://www.googleapis.com/auth/devstorage.read_only",
              [32m+[0m[0m "https://www.googleapis.com/auth/logging.write",
              [32m+[0m[0m "https://www.googleapis.com/auth/monitoring",
            ]
          [32m+[0m[0m preemptible       = false
          [32m+[0m[0m service_account   = (known after apply)
          [32m+[0m[0m spot              = false
          [32m+[0m[0m tags              = [
              [32m+[0m[0m "gke-node",
              [32m+[0m[0m "cloud-app-cluster",
            ]

          [32m+[0m[0m confidential_nodes (known after apply)

          [32m+[0m[0m gcfs_config (known after apply)

          [32m+[0m[0m kubelet_config (known after apply)

          [32m+[0m[0m shielded_instance_config (known after apply)

          [32m+[0m[0m workload_metadata_config {
              [32m+[0m[0m mode = "GKE_METADATA"
            }
        }

      [32m+[0m[0m upgrade_settings (known after apply)
    }

[1mPlan:[0m 2 to add, 0 to change, 0 to destroy.
[0m
Changes to Outputs:
  [32m+[0m[0m cluster_endpoint = (sensitive value)
[0m[1mgoogle_container_cluster.primary: Creating...[0m[0m
[31m╷[0m[0m
[31m│[0m [0m[1m[31mError: [0m[0m[1mgoogleapi: Error 403: Insufficient regional quota to satisfy request: resource "SSD_TOTAL_GB": request requires '300.0' and is short '50.0'. project has a quota of '250.0' with '250.0' available. View and manage quotas at https://console.cloud.google.com/iam-admin/quotas?usage=USED&project=htwg-cloudapp-hw.
[31m│[0m [0mDetails:
[31m│[0m [0m[
[31m│[0m [0m  {
[31m│[0m [0m    "@type": "type.googleapis.com/google.rpc.RequestInfo",
[31m│[0m [0m    "requestId": "0xf773e79ee3be4419"
[31m│[0m [0m  },
[31m│[0m [0m  {
[31m│[0m [0m    "@type": "type.googleapis.com/google.rpc.ErrorInfo",
[31m│[0m [0m    "domain": "container.googleapis.com",
[31m│[0m [0m    "reason": "INSUFFICIENT_QUOTA_REGIONAL"
[31m│[0m [0m  }
[31m│[0m [0m]
[31m│[0m [0m, forbidden[0m
[31m│[0m [0m
[31m│[0m [0m[0m  with google_container_cluster.primary,
[31m│[0m [0m  on main.tf line 69, in resource "google_container_cluster" "primary":
[31m│[0m [0m  69: resource "google_container_cluster" "primary" [4m{[0m[0m
[31m│[0m [0m
[31m╵[0m[0m
[0m[1mdata.google_client_config.default: Reading...[0m[0m
[0m[1mgoogle_project_service.required_apis["iam.googleapis.com"]: Refreshing state... [id=htwg-cloudapp-hw/iam.googleapis.com][0m
[0m[1mgoogle_project_service.required_apis["compute.googleapis.com"]: Refreshing state... [id=htwg-cloudapp-hw/compute.googleapis.com][0m
[0m[1mgoogle_project_service.required_apis["containerregistry.googleapis.com"]: Refreshing state... [id=htwg-cloudapp-hw/containerregistry.googleapis.com][0m
[0m[1mgoogle_project_service.required_apis["container.googleapis.com"]: Refreshing state... [id=htwg-cloudapp-hw/container.googleapis.com][0m
[0m[1mdata.google_client_config.default: Read complete after 0s [id=projects/"htwg-cloudapp-hw"/regions/"us-central1"/zones/<null>][0m

Terraform used the selected providers to generate the following execution
plan. Resource actions are indicated with the following symbols:
  [32m+[0m create[0m
 [36m<=[0m read (data resources)[0m

Terraform will perform the following actions:

[1m  # data.google_container_cluster.primary[0m will be read during apply
  # (depends on a resource or a module with changes pending)
[0m [36m<=[0m[0m data "google_container_cluster" "primary" {
      [32m+[0m[0m addons_config                            = (known after apply)
      [32m+[0m[0m allow_net_admin                          = (known after apply)
      [32m+[0m[0m authenticator_groups_config              = (known after apply)
      [32m+[0m[0m binary_authorization                     = (known after apply)
      [32m+[0m[0m cluster_autoscaling                      = (known after apply)
      [32m+[0m[0m cluster_ipv4_cidr                        = (known after apply)
      [32m+[0m[0m confidential_nodes                       = (known after apply)
      [32m+[0m[0m cost_management_config                   = (known after apply)
      [32m+[0m[0m database_encryption                      = (known after apply)
      [32m+[0m[0m datapath_provider                        = (known after apply)
      [32m+[0m[0m default_max_pods_per_node                = (known after apply)
      [32m+[0m[0m default_snat_status                      = (known after apply)
      [32m+[0m[0m deletion_protection                      = (known after apply)
      [32m+[0m[0m description                              = (known after apply)
      [32m+[0m[0m dns_config                               = (known after apply)
      [32m+[0m[0m enable_autopilot                         = (known after apply)
      [32m+[0m[0m enable_cilium_clusterwide_network_policy = (known after apply)
      [32m+[0m[0m enable_intranode_visibility              = (known after apply)
      [32m+[0m[0m enable_k8s_beta_apis                     = (known after apply)
      [32m+[0m[0m enable_kubernetes_alpha                  = (known after apply)
      [32m+[0m[0m enable_l4_ilb_subsetting                 = (known after apply)
      [32m+[0m[0m enable_legacy_abac                       = (known after apply)
      [32m+[0m[0m enable_multi_networking                  = (known after apply)
      [32m+[0m[0m enable_shielded_nodes                    = (known after apply)
      [32m+[0m[0m enable_tpu                               = (known after apply)
      [32m+[0m[0m endpoint                                 = (known after apply)
      [32m+[0m[0m fleet                                    = (known after apply)
      [32m+[0m[0m gateway_api_config                       = (known after apply)
      [32m+[0m[0m id                                       = (known after apply)
      [32m+[0m[0m identity_service_config                  = (known after apply)
      [32m+[0m[0m initial_node_count                       = (known after apply)
      [32m+[0m[0m ip_allocation_policy                     = (known after apply)
      [32m+[0m[0m label_fingerprint                        = (known after apply)
      [32m+[0m[0m location                                 = "us-central1"
      [32m+[0m[0m logging_config                           = (known after apply)
      [32m+[0m[0m logging_service                          = (known after apply)
      [32m+[0m[0m maintenance_policy                       = (known after apply)
      [32m+[0m[0m master_auth                              = (known after apply)
      [32m+[0m[0m master_authorized_networks_config        = (known after apply)
      [32m+[0m[0m master_version                           = (known after apply)
      [32m+[0m[0m mesh_certificates                        = (known after apply)
      [32m+[0m[0m min_master_version                       = (known after apply)
      [32m+[0m[0m monitoring_config                        = (known after apply)
      [32m+[0m[0m monitoring_service                       = (known after apply)
      [32m+[0m[0m name                                     = "cloud-app-cluster"
      [32m+[0m[0m network                                  = (known after apply)
      [32m+[0m[0m network_policy                           = (known after apply)
      [32m+[0m[0m networking_mode                          = (known after apply)
      [32m+[0m[0m node_config                              = (known after apply)
      [32m+[0m[0m node_locations                           = (known after apply)
      [32m+[0m[0m node_pool                                = (known after apply)
      [32m+[0m[0m node_pool_auto_config                    = (known after apply)
      [32m+[0m[0m node_pool_defaults                       = (known after apply)
      [32m+[0m[0m node_version                             = (known after apply)
      [32m+[0m[0m notification_config                      = (known after apply)
      [32m+[0m[0m operation                                = (known after apply)
      [32m+[0m[0m private_cluster_config                   = (known after apply)
      [32m+[0m[0m private_ipv6_google_access               = (known after apply)
      [32m+[0m[0m release_channel                          = (known after apply)
      [32m+[0m[0m remove_default_node_pool                 = (known after apply)
      [32m+[0m[0m resource_labels                          = (known after apply)
      [32m+[0m[0m resource_usage_export_config             = (known after apply)
      [32m+[0m[0m security_posture_config                  = (known after apply)
      [32m+[0m[0m self_link                                = (known after apply)
      [32m+[0m[0m service_external_ips_config              = (known after apply)
      [32m+[0m[0m services_ipv4_cidr                       = (known after apply)
      [32m+[0m[0m subnetwork                               = (known after apply)
      [32m+[0m[0m tpu_ipv4_cidr_block                      = (known after apply)
      [32m+[0m[0m vertical_pod_autoscaling                 = (known after apply)
      [32m+[0m[0m workload_identity_config                 = (known after apply)
    }

[1m  # google_container_cluster.primary[0m will be created
[0m  [32m+[0m[0m resource "google_container_cluster" "primary" {
      [32m+[0m[0m cluster_ipv4_cidr                        = (known after apply)
      [32m+[0m[0m datapath_provider                        = (known after apply)
      [32m+[0m[0m default_max_pods_per_node                = (known after apply)
      [32m+[0m[0m deletion_protection                      = true
      [32m+[0m[0m enable_cilium_clusterwide_network_policy = false
      [32m+[0m[0m enable_intranode_visibility              = (known after apply)
      [32m+[0m[0m enable_kubernetes_alpha                  = false
      [32m+[0m[0m enable_l4_ilb_subsetting                 = false
      [32m+[0m[0m enable_legacy_abac                       = false
      [32m+[0m[0m enable_multi_networking                  = false
      [32m+[0m[0m enable_shielded_nodes                    = true
      [32m+[0m[0m endpoint                                 = (known after apply)
      [32m+[0m[0m id                                       = (known after apply)
      [32m+[0m[0m initial_node_count                       = 1
      [32m+[0m[0m label_fingerprint                        = (known after apply)
      [32m+[0m[0m location                                 = "us-central1"
      [32m+[0m[0m logging_service                          = (known after apply)
      [32m+[0m[0m master_version                           = (known after apply)
      [32m+[0m[0m monitoring_service                       = (known after apply)
      [32m+[0m[0m name                                     = "cloud-app-cluster"
      [32m+[0m[0m network                                  = "default"
      [32m+[0m[0m networking_mode                          = (known after apply)
      [32m+[0m[0m node_locations                           = (known after apply)
      [32m+[0m[0m node_version                             = (known after apply)
      [32m+[0m[0m operation                                = (known after apply)
      [32m+[0m[0m private_ipv6_google_access               = (known after apply)
      [32m+[0m[0m project                                  = (known after apply)
      [32m+[0m[0m remove_default_node_pool                 = true
      [32m+[0m[0m self_link                                = (known after apply)
      [32m+[0m[0m services_ipv4_cidr                       = (known after apply)
      [32m+[0m[0m subnetwork                               = "default"
      [32m+[0m[0m tpu_ipv4_cidr_block                      = (known after apply)

      [32m+[0m[0m addons_config (known after apply)

      [32m+[0m[0m authenticator_groups_config (known after apply)

      [32m+[0m[0m cluster_autoscaling (known after apply)

      [32m+[0m[0m confidential_nodes (known after apply)

      [32m+[0m[0m cost_management_config (known after apply)

      [32m+[0m[0m database_encryption (known after apply)

      [32m+[0m[0m default_snat_status (known after apply)

      [32m+[0m[0m gateway_api_config (known after apply)

      [32m+[0m[0m identity_service_config (known after apply)

      [32m+[0m[0m ip_allocation_policy (known after apply)

      [32m+[0m[0m logging_config (known after apply)

      [32m+[0m[0m master_auth {
          [32m+[0m[0m client_certificate     = (known after apply)
          [32m+[0m[0m client_key             = (sensitive value)
          [32m+[0m[0m cluster_ca_certificate = (known after apply)

          [32m+[0m[0m client_certificate_config {
              [32m+[0m[0m issue_client_certificate = false
            }
        }

      [32m+[0m[0m master_authorized_networks_config (known after apply)

      [32m+[0m[0m mesh_certificates (known after apply)

      [32m+[0m[0m monitoring_config (known after apply)

      [32m+[0m[0m node_config (known after apply)

      [32m+[0m[0m node_pool (known after apply)

      [32m+[0m[0m node_pool_auto_config (known after apply)

      [32m+[0m[0m node_pool_defaults (known after apply)

      [32m+[0m[0m notification_config (known after apply)

      [32m+[0m[0m release_channel (known after apply)

      [32m+[0m[0m security_posture_config (known after apply)

      [32m+[0m[0m service_external_ips_config (known after apply)

      [32m+[0m[0m vertical_pod_autoscaling (known after apply)

      [32m+[0m[0m workload_identity_config {
          [32m+[0m[0m workload_pool = "htwg-cloudapp-hw.svc.id.goog"
        }
    }

[1m  # google_container_node_pool.primary_nodes[0m will be created
[0m  [32m+[0m[0m resource "google_container_node_pool" "primary_nodes" {
      [32m+[0m[0m cluster                     = "cloud-app-cluster"
      [32m+[0m[0m id                          = (known after apply)
      [32m+[0m[0m initial_node_count          = 1
      [32m+[0m[0m instance_group_urls         = (known after apply)
      [32m+[0m[0m location                    = "us-central1"
      [32m+[0m[0m managed_instance_group_urls = (known after apply)
      [32m+[0m[0m max_pods_per_node           = (known after apply)
      [32m+[0m[0m name                        = "cloud-app-cluster-node-pool"
      [32m+[0m[0m name_prefix                 = (known after apply)
      [32m+[0m[0m node_count                  = (known after apply)
      [32m+[0m[0m node_locations              = (known after apply)
      [32m+[0m[0m operation                   = (known after apply)
      [32m+[0m[0m project                     = "htwg-cloudapp-hw"
      [32m+[0m[0m version                     = (known after apply)

      [32m+[0m[0m autoscaling {
          [32m+[0m[0m location_policy = (known after apply)
          [32m+[0m[0m max_node_count  = 2
          [32m+[0m[0m min_node_count  = 1
        }

      [32m+[0m[0m management {
          [32m+[0m[0m auto_repair  = true
          [32m+[0m[0m auto_upgrade = true
        }

      [32m+[0m[0m network_config (known after apply)

      [32m+[0m[0m node_config {
          [32m+[0m[0m disk_size_gb      = 15
          [32m+[0m[0m disk_type         = "pd-standard"
          [32m+[0m[0m effective_taints  = (known after apply)
          [32m+[0m[0m guest_accelerator = (known after apply)
          [32m+[0m[0m image_type        = (known after apply)
          [32m+[0m[0m labels            = {
              [32m+[0m[0m "env"     = "dev"
              [32m+[0m[0m "project" = "htwg-cloudapp-hw"
            }
          [32m+[0m[0m local_ssd_count   = (known after apply)
          [32m+[0m[0m logging_variant   = (known after apply)
          [32m+[0m[0m machine_type      = "e2-small"
          [32m+[0m[0m metadata          = (known after apply)
          [32m+[0m[0m min_cpu_platform  = (known after apply)
          [32m+[0m[0m oauth_scopes      = [
              [32m+[0m[0m "https://www.googleapis.com/auth/cloud-platform",
              [32m+[0m[0m "https://www.googleapis.com/auth/devstorage.read_only",
              [32m+[0m[0m "https://www.googleapis.com/auth/logging.write",
              [32m+[0m[0m "https://www.googleapis.com/auth/monitoring",
            ]
          [32m+[0m[0m preemptible       = false
          [32m+[0m[0m service_account   = (known after apply)
          [32m+[0m[0m spot              = false
          [32m+[0m[0m tags              = [
              [32m+[0m[0m "gke-node",
              [32m+[0m[0m "cloud-app-cluster",
            ]

          [32m+[0m[0m confidential_nodes (known after apply)

          [32m+[0m[0m gcfs_config (known after apply)

          [32m+[0m[0m kubelet_config (known after apply)

          [32m+[0m[0m shielded_instance_config (known after apply)

          [32m+[0m[0m workload_metadata_config {
              [32m+[0m[0m mode = "GKE_METADATA"
            }
        }

      [32m+[0m[0m upgrade_settings (known after apply)
    }

[1mPlan:[0m 2 to add, 0 to change, 0 to destroy.
[0m
Changes to Outputs:
  [32m+[0m[0m cluster_endpoint = (sensitive value)
  [33m~[0m[0m cluster_region   = "europe-west1" [33m->[0m[0m "us-central1"
  [33m~[0m[0m kubectl_command  = "gcloud container clusters get-credentials cloud-app-cluster --region europe-west1 --project htwg-cloudapp-hw" [33m->[0m[0m "gcloud container clusters get-credentials cloud-app-cluster --region us-central1 --project htwg-cloudapp-hw"
  [33m~[0m[0m next_steps       = <<-EOT
        ✅ GKE Cluster 已成功建立！
            
        接下來請執行以下步驟：
            
        1. 連接到 Cluster:
      [31m-[0m[0m    gcloud container clusters get-credentials cloud-app-cluster --region europe-west1 --project htwg-cloudapp-hw
      [32m+[0m[0m    gcloud container clusters get-credentials cloud-app-cluster --region us-central1 --project htwg-cloudapp-hw
            
        2. 建置並推送 Docker 映像:
           docker build -t gcr.io/htwg-cloudapp-hw/backend-api:latest ./backend-api
           docker build -t gcr.io/htwg-cloudapp-hw/ad-service:latest ./ad-service
           docker build -t gcr.io/htwg-cloudapp-hw/frontend-vue:latest ./frontend-vue
               
           docker push gcr.io/htwg-cloudapp-hw/backend-api:latest
           docker push gcr.io/htwg-cloudapp-hw/ad-service:latest
           docker push gcr.io/htwg-cloudapp-hw/frontend-vue:latest
            
        3. 更新 k8s-gke 設定檔中的 PROJECT_ID:
           sed -i '' "s/YOUR_PROJECT_ID/htwg-cloudapp-hw/g" k8s-gke/*.yaml
            
        4. 部署應用程式:
           kubectl apply -f k8s-gke/
    EOT
[0m[1mgoogle_container_cluster.primary: Creating...[0m[0m
[31m╷[0m[0m
[31m│[0m [0m[1m[31mError: [0m[0m[1mgoogleapi: Error 403: Insufficient regional quota to satisfy request: resource "SSD_TOTAL_GB": request requires '300.0' and is short '50.0'. project has a quota of '250.0' with '250.0' available. View and manage quotas at https://console.cloud.google.com/iam-admin/quotas?usage=USED&project=htwg-cloudapp-hw.
[31m│[0m [0mDetails:
[31m│[0m [0m[
[31m│[0m [0m  {
[31m│[0m [0m    "@type": "type.googleapis.com/google.rpc.RequestInfo",
[31m│[0m [0m    "requestId": "0x2aa5a0465b98e65"
[31m│[0m [0m  },
[31m│[0m [0m  {
[31m│[0m [0m    "@type": "type.googleapis.com/google.rpc.ErrorInfo",
[31m│[0m [0m    "domain": "container.googleapis.com",
[31m│[0m [0m    "reason": "INSUFFICIENT_QUOTA_REGIONAL"
[31m│[0m [0m  }
[31m│[0m [0m]
[31m│[0m [0m, forbidden[0m
[31m│[0m [0m
[31m│[0m [0m[0m  with google_container_cluster.primary,
[31m│[0m [0m  on main.tf line 69, in resource "google_container_cluster" "primary":
[31m│[0m [0m  69: resource "google_container_cluster" "primary" [4m{[0m[0m
[31m│[0m [0m
[31m╵[0m[0m
[0m[1mgoogle_project_service.required_apis["iam.googleapis.com"]: Refreshing state... [id=htwg-cloudapp-hw/iam.googleapis.com][0m
[0m[1mdata.google_client_config.default: Reading...[0m[0m
[0m[1mgoogle_project_service.required_apis["compute.googleapis.com"]: Refreshing state... [id=htwg-cloudapp-hw/compute.googleapis.com][0m
[0m[1mgoogle_project_service.required_apis["container.googleapis.com"]: Refreshing state... [id=htwg-cloudapp-hw/container.googleapis.com][0m
[0m[1mgoogle_project_service.required_apis["containerregistry.googleapis.com"]: Refreshing state... [id=htwg-cloudapp-hw/containerregistry.googleapis.com][0m
[0m[1mdata.google_client_config.default: Read complete after 0s [id=projects/"htwg-cloudapp-hw"/regions/"us-central1-a"/zones/<null>][0m

Terraform used the selected providers to generate the following execution
plan. Resource actions are indicated with the following symbols:
  [32m+[0m create[0m
 [36m<=[0m read (data resources)[0m

Terraform will perform the following actions:

[1m  # data.google_container_cluster.primary[0m will be read during apply
  # (depends on a resource or a module with changes pending)
[0m [36m<=[0m[0m data "google_container_cluster" "primary" {
      [32m+[0m[0m addons_config                            = (known after apply)
      [32m+[0m[0m allow_net_admin                          = (known after apply)
      [32m+[0m[0m authenticator_groups_config              = (known after apply)
      [32m+[0m[0m binary_authorization                     = (known after apply)
      [32m+[0m[0m cluster_autoscaling                      = (known after apply)
      [32m+[0m[0m cluster_ipv4_cidr                        = (known after apply)
      [32m+[0m[0m confidential_nodes                       = (known after apply)
      [32m+[0m[0m cost_management_config                   = (known after apply)
      [32m+[0m[0m database_encryption                      = (known after apply)
      [32m+[0m[0m datapath_provider                        = (known after apply)
      [32m+[0m[0m default_max_pods_per_node                = (known after apply)
      [32m+[0m[0m default_snat_status                      = (known after apply)
      [32m+[0m[0m deletion_protection                      = (known after apply)
      [32m+[0m[0m description                              = (known after apply)
      [32m+[0m[0m dns_config                               = (known after apply)
      [32m+[0m[0m enable_autopilot                         = (known after apply)
      [32m+[0m[0m enable_cilium_clusterwide_network_policy = (known after apply)
      [32m+[0m[0m enable_intranode_visibility              = (known after apply)
      [32m+[0m[0m enable_k8s_beta_apis                     = (known after apply)
      [32m+[0m[0m enable_kubernetes_alpha                  = (known after apply)
      [32m+[0m[0m enable_l4_ilb_subsetting                 = (known after apply)
      [32m+[0m[0m enable_legacy_abac                       = (known after apply)
      [32m+[0m[0m enable_multi_networking                  = (known after apply)
      [32m+[0m[0m enable_shielded_nodes                    = (known after apply)
      [32m+[0m[0m enable_tpu                               = (known after apply)
      [32m+[0m[0m endpoint                                 = (known after apply)
      [32m+[0m[0m fleet                                    = (known after apply)
      [32m+[0m[0m gateway_api_config                       = (known after apply)
      [32m+[0m[0m id                                       = (known after apply)
      [32m+[0m[0m identity_service_config                  = (known after apply)
      [32m+[0m[0m initial_node_count                       = (known after apply)
      [32m+[0m[0m ip_allocation_policy                     = (known after apply)
      [32m+[0m[0m label_fingerprint                        = (known after apply)
      [32m+[0m[0m location                                 = "us-central1-a"
      [32m+[0m[0m logging_config                           = (known after apply)
      [32m+[0m[0m logging_service                          = (known after apply)
      [32m+[0m[0m maintenance_policy                       = (known after apply)
      [32m+[0m[0m master_auth                              = (known after apply)
      [32m+[0m[0m master_authorized_networks_config        = (known after apply)
      [32m+[0m[0m master_version                           = (known after apply)
      [32m+[0m[0m mesh_certificates                        = (known after apply)
      [32m+[0m[0m min_master_version                       = (known after apply)
      [32m+[0m[0m monitoring_config                        = (known after apply)
      [32m+[0m[0m monitoring_service                       = (known after apply)
      [32m+[0m[0m name                                     = "cloud-app-cluster"
      [32m+[0m[0m network                                  = (known after apply)
      [32m+[0m[0m network_policy                           = (known after apply)
      [32m+[0m[0m networking_mode                          = (known after apply)
      [32m+[0m[0m node_config                              = (known after apply)
      [32m+[0m[0m node_locations                           = (known after apply)
      [32m+[0m[0m node_pool                                = (known after apply)
      [32m+[0m[0m node_pool_auto_config                    = (known after apply)
      [32m+[0m[0m node_pool_defaults                       = (known after apply)
      [32m+[0m[0m node_version                             = (known after apply)
      [32m+[0m[0m notification_config                      = (known after apply)
      [32m+[0m[0m operation                                = (known after apply)
      [32m+[0m[0m private_cluster_config                   = (known after apply)
      [32m+[0m[0m private_ipv6_google_access               = (known after apply)
      [32m+[0m[0m release_channel                          = (known after apply)
      [32m+[0m[0m remove_default_node_pool                 = (known after apply)
      [32m+[0m[0m resource_labels                          = (known after apply)
      [32m+[0m[0m resource_usage_export_config             = (known after apply)
      [32m+[0m[0m security_posture_config                  = (known after apply)
      [32m+[0m[0m self_link                                = (known after apply)
      [32m+[0m[0m service_external_ips_config              = (known after apply)
      [32m+[0m[0m services_ipv4_cidr                       = (known after apply)
      [32m+[0m[0m subnetwork                               = (known after apply)
      [32m+[0m[0m tpu_ipv4_cidr_block                      = (known after apply)
      [32m+[0m[0m vertical_pod_autoscaling                 = (known after apply)
      [32m+[0m[0m workload_identity_config                 = (known after apply)
    }

[1m  # google_container_cluster.primary[0m will be created
[0m  [32m+[0m[0m resource "google_container_cluster" "primary" {
      [32m+[0m[0m cluster_ipv4_cidr                        = (known after apply)
      [32m+[0m[0m datapath_provider                        = (known after apply)
      [32m+[0m[0m default_max_pods_per_node                = (known after apply)
      [32m+[0m[0m deletion_protection                      = true
      [32m+[0m[0m enable_cilium_clusterwide_network_policy = false
      [32m+[0m[0m enable_intranode_visibility              = (known after apply)
      [32m+[0m[0m enable_kubernetes_alpha                  = false
      [32m+[0m[0m enable_l4_ilb_subsetting                 = false
      [32m+[0m[0m enable_legacy_abac                       = false
      [32m+[0m[0m enable_multi_networking                  = false
      [32m+[0m[0m enable_shielded_nodes                    = true
      [32m+[0m[0m endpoint                                 = (known after apply)
      [32m+[0m[0m id                                       = (known after apply)
      [32m+[0m[0m initial_node_count                       = 1
      [32m+[0m[0m label_fingerprint                        = (known after apply)
      [32m+[0m[0m location                                 = "us-central1-a"
      [32m+[0m[0m logging_service                          = (known after apply)
      [32m+[0m[0m master_version                           = (known after apply)
      [32m+[0m[0m monitoring_service                       = (known after apply)
      [32m+[0m[0m name                                     = "cloud-app-cluster"
      [32m+[0m[0m network                                  = "default"
      [32m+[0m[0m networking_mode                          = (known after apply)
      [32m+[0m[0m node_locations                           = (known after apply)
      [32m+[0m[0m node_version                             = (known after apply)
      [32m+[0m[0m operation                                = (known after apply)
      [32m+[0m[0m private_ipv6_google_access               = (known after apply)
      [32m+[0m[0m project                                  = (known after apply)
      [32m+[0m[0m remove_default_node_pool                 = true
      [32m+[0m[0m self_link                                = (known after apply)
      [32m+[0m[0m services_ipv4_cidr                       = (known after apply)
      [32m+[0m[0m subnetwork                               = "default"
      [32m+[0m[0m tpu_ipv4_cidr_block                      = (known after apply)

      [32m+[0m[0m addons_config (known after apply)

      [32m+[0m[0m authenticator_groups_config (known after apply)

      [32m+[0m[0m cluster_autoscaling (known after apply)

      [32m+[0m[0m confidential_nodes (known after apply)

      [32m+[0m[0m cost_management_config (known after apply)

      [32m+[0m[0m database_encryption (known after apply)

      [32m+[0m[0m default_snat_status (known after apply)

      [32m+[0m[0m gateway_api_config (known after apply)

      [32m+[0m[0m identity_service_config (known after apply)

      [32m+[0m[0m ip_allocation_policy (known after apply)

      [32m+[0m[0m logging_config (known after apply)

      [32m+[0m[0m master_auth {
          [32m+[0m[0m client_certificate     = (known after apply)
          [32m+[0m[0m client_key             = (sensitive value)
          [32m+[0m[0m cluster_ca_certificate = (known after apply)

          [32m+[0m[0m client_certificate_config {
              [32m+[0m[0m issue_client_certificate = false
            }
        }

      [32m+[0m[0m master_authorized_networks_config (known after apply)

      [32m+[0m[0m mesh_certificates (known after apply)

      [32m+[0m[0m monitoring_config (known after apply)

      [32m+[0m[0m node_config (known after apply)

      [32m+[0m[0m node_pool (known after apply)

      [32m+[0m[0m node_pool_auto_config (known after apply)

      [32m+[0m[0m node_pool_defaults (known after apply)

      [32m+[0m[0m notification_config (known after apply)

      [32m+[0m[0m release_channel (known after apply)

      [32m+[0m[0m security_posture_config (known after apply)

      [32m+[0m[0m service_external_ips_config (known after apply)

      [32m+[0m[0m vertical_pod_autoscaling (known after apply)

      [32m+[0m[0m workload_identity_config {
          [32m+[0m[0m workload_pool = "htwg-cloudapp-hw.svc.id.goog"
        }
    }

[1m  # google_container_node_pool.primary_nodes[0m will be created
[0m  [32m+[0m[0m resource "google_container_node_pool" "primary_nodes" {
      [32m+[0m[0m cluster                     = "cloud-app-cluster"
      [32m+[0m[0m id                          = (known after apply)
      [32m+[0m[0m initial_node_count          = 1
      [32m+[0m[0m instance_group_urls         = (known after apply)
      [32m+[0m[0m location                    = "us-central1-a"
      [32m+[0m[0m managed_instance_group_urls = (known after apply)
      [32m+[0m[0m max_pods_per_node           = (known after apply)
      [32m+[0m[0m name                        = "cloud-app-cluster-node-pool"
      [32m+[0m[0m name_prefix                 = (known after apply)
      [32m+[0m[0m node_count                  = (known after apply)
      [32m+[0m[0m node_locations              = (known after apply)
      [32m+[0m[0m operation                   = (known after apply)
      [32m+[0m[0m project                     = "htwg-cloudapp-hw"
      [32m+[0m[0m version                     = (known after apply)

      [32m+[0m[0m autoscaling {
          [32m+[0m[0m location_policy = (known after apply)
          [32m+[0m[0m max_node_count  = 2
          [32m+[0m[0m min_node_count  = 1
        }

      [32m+[0m[0m management {
          [32m+[0m[0m auto_repair  = true
          [32m+[0m[0m auto_upgrade = true
        }

      [32m+[0m[0m network_config (known after apply)

      [32m+[0m[0m node_config {
          [32m+[0m[0m disk_size_gb      = 15
          [32m+[0m[0m disk_type         = "pd-standard"
          [32m+[0m[0m effective_taints  = (known after apply)
          [32m+[0m[0m guest_accelerator = (known after apply)
          [32m+[0m[0m image_type        = (known after apply)
          [32m+[0m[0m labels            = {
              [32m+[0m[0m "env"     = "dev"
              [32m+[0m[0m "project" = "htwg-cloudapp-hw"
            }
          [32m+[0m[0m local_ssd_count   = (known after apply)
          [32m+[0m[0m logging_variant   = (known after apply)
          [32m+[0m[0m machine_type      = "e2-small"
          [32m+[0m[0m metadata          = (known after apply)
          [32m+[0m[0m min_cpu_platform  = (known after apply)
          [32m+[0m[0m oauth_scopes      = [
              [32m+[0m[0m "https://www.googleapis.com/auth/cloud-platform",
              [32m+[0m[0m "https://www.googleapis.com/auth/devstorage.read_only",
              [32m+[0m[0m "https://www.googleapis.com/auth/logging.write",
              [32m+[0m[0m "https://www.googleapis.com/auth/monitoring",
            ]
          [32m+[0m[0m preemptible       = false
          [32m+[0m[0m service_account   = (known after apply)
          [32m+[0m[0m spot              = false
          [32m+[0m[0m tags              = [
              [32m+[0m[0m "gke-node",
              [32m+[0m[0m "cloud-app-cluster",
            ]

          [32m+[0m[0m confidential_nodes (known after apply)

          [32m+[0m[0m gcfs_config (known after apply)

          [32m+[0m[0m kubelet_config (known after apply)

          [32m+[0m[0m shielded_instance_config (known after apply)

          [32m+[0m[0m workload_metadata_config {
              [32m+[0m[0m mode = "GKE_METADATA"
            }
        }

      [32m+[0m[0m upgrade_settings (known after apply)
    }

[1mPlan:[0m 2 to add, 0 to change, 0 to destroy.
[0m
Changes to Outputs:
  [32m+[0m[0m cluster_endpoint = (sensitive value)
  [33m~[0m[0m cluster_region   = "us-central1" [33m->[0m[0m "us-central1-a"
  [33m~[0m[0m kubectl_command  = "gcloud container clusters get-credentials cloud-app-cluster --region us-central1 --project htwg-cloudapp-hw" [33m->[0m[0m "gcloud container clusters get-credentials cloud-app-cluster --region us-central1-a --project htwg-cloudapp-hw"
  [33m~[0m[0m next_steps       = <<-EOT
        ✅ GKE Cluster 已成功建立！
            
        接下來請執行以下步驟：
            
        1. 連接到 Cluster:
      [31m-[0m[0m    gcloud container clusters get-credentials cloud-app-cluster --region us-central1 --project htwg-cloudapp-hw
      [32m+[0m[0m    gcloud container clusters get-credentials cloud-app-cluster --region us-central1-a --project htwg-cloudapp-hw
            
        2. 建置並推送 Docker 映像:
           docker build -t gcr.io/htwg-cloudapp-hw/backend-api:latest ./backend-api
           docker build -t gcr.io/htwg-cloudapp-hw/ad-service:latest ./ad-service
           docker build -t gcr.io/htwg-cloudapp-hw/frontend-vue:latest ./frontend-vue
               
           docker push gcr.io/htwg-cloudapp-hw/backend-api:latest
           docker push gcr.io/htwg-cloudapp-hw/ad-service:latest
           docker push gcr.io/htwg-cloudapp-hw/frontend-vue:latest
            
        3. 更新 k8s-gke 設定檔中的 PROJECT_ID:
           sed -i '' "s/YOUR_PROJECT_ID/htwg-cloudapp-hw/g" k8s-gke/*.yaml
            
        4. 部署應用程式:
           kubectl apply -f k8s-gke/
    EOT
[0m[1mgoogle_container_cluster.primary: Creating...[0m[0m
[0m[1mgoogle_container_cluster.primary: Still creating... [00m10s elapsed][0m[0m
[0m[1mgoogle_container_cluster.primary: Still creating... [00m20s elapsed][0m[0m
[0m[1mgoogle_container_cluster.primary: Still creating... [00m30s elapsed][0m[0m
[0m[1mgoogle_container_cluster.primary: Still creating... [00m40s elapsed][0m[0m
[0m[1mgoogle_container_cluster.primary: Still creating... [00m50s elapsed][0m[0m
[0m[1mgoogle_container_cluster.primary: Still creating... [01m00s elapsed][0m[0m
[0m[1mgoogle_container_cluster.primary: Still creating... [01m10s elapsed][0m[0m
[0m[1mgoogle_container_cluster.primary: Still creating... [01m20s elapsed][0m[0m
[0m[1mgoogle_container_cluster.primary: Still creating... [01m30s elapsed][0m[0m
[0m[1mgoogle_container_cluster.primary: Still creating... [01m40s elapsed][0m[0m
[0m[1mgoogle_container_cluster.primary: Still creating... [01m50s elapsed][0m[0m
[0m[1mgoogle_container_cluster.primary: Still creating... [02m00s elapsed][0m[0m
[0m[1mgoogle_container_cluster.primary: Still creating... [02m10s elapsed][0m[0m
[0m[1mgoogle_container_cluster.primary: Still creating... [02m20s elapsed][0m[0m
[0m[1mgoogle_container_cluster.primary: Still creating... [02m30s elapsed][0m[0m
[0m[1mgoogle_container_cluster.primary: Still creating... [02m40s elapsed][0m[0m
[0m[1mgoogle_container_cluster.primary: Still creating... [02m50s elapsed][0m[0m
[0m[1mgoogle_container_cluster.primary: Still creating... [03m00s elapsed][0m[0m
[0m[1mgoogle_container_cluster.primary: Still creating... [03m10s elapsed][0m[0m
[0m[1mgoogle_container_cluster.primary: Still creating... [03m20s elapsed][0m[0m
[0m[1mgoogle_container_cluster.primary: Still creating... [03m30s elapsed][0m[0m
[0m[1mgoogle_container_cluster.primary: Still creating... [03m40s elapsed][0m[0m
[0m[1mgoogle_container_cluster.primary: Still creating... [03m50s elapsed][0m[0m
[0m[1mgoogle_container_cluster.primary: Still creating... [04m00s elapsed][0m[0m
[0m[1mgoogle_container_cluster.primary: Still creating... [04m10s elapsed][0m[0m
[0m[1mgoogle_container_cluster.primary: Still creating... [04m20s elapsed][0m[0m
[0m[1mgoogle_container_cluster.primary: Still creating... [04m30s elapsed][0m[0m
[0m[1mgoogle_container_cluster.primary: Still creating... [04m40s elapsed][0m[0m
[0m[1mgoogle_container_cluster.primary: Still creating... [04m50s elapsed][0m[0m
[0m[1mgoogle_container_cluster.primary: Still creating... [05m00s elapsed][0m[0m
[0m[1mgoogle_container_cluster.primary: Still creating... [05m10s elapsed][0m[0m
[0m[1mgoogle_container_cluster.primary: Still creating... [05m20s elapsed][0m[0m
[0m[1mgoogle_container_cluster.primary: Still creating... [05m30s elapsed][0m[0m
[0m[1mgoogle_container_cluster.primary: Still creating... [05m40s elapsed][0m[0m
[0m[1mgoogle_container_cluster.primary: Still creating... [05m50s elapsed][0m[0m
[0m[1mgoogle_container_cluster.primary: Still creating... [06m00s elapsed][0m[0m
[0m[1mgoogle_container_cluster.primary: Still creating... [06m10s elapsed][0m[0m
[0m[1mgoogle_container_cluster.primary: Still creating... [06m20s elapsed][0m[0m
[0m[1mgoogle_container_cluster.primary: Still creating... [06m30s elapsed][0m[0m
[0m[1mgoogle_container_cluster.primary: Still creating... [06m40s elapsed][0m[0m
[0m[1mgoogle_container_cluster.primary: Still creating... [06m50s elapsed][0m[0m
[0m[1mgoogle_container_cluster.primary: Still creating... [07m00s elapsed][0m[0m
[0m[1mgoogle_container_cluster.primary: Still creating... [07m10s elapsed][0m[0m
[0m[1mgoogle_container_cluster.primary: Still creating... [07m20s elapsed][0m[0m
[0m[1mgoogle_container_cluster.primary: Still creating... [07m30s elapsed][0m[0m
[0m[1mgoogle_container_cluster.primary: Still creating... [07m40s elapsed][0m[0m
[0m[1mgoogle_container_cluster.primary: Still creating... [07m50s elapsed][0m[0m
[0m[1mgoogle_container_cluster.primary: Still creating... [08m00s elapsed][0m[0m
[0m[1mgoogle_container_cluster.primary: Still creating... [08m10s elapsed][0m[0m
[0m[1mgoogle_container_cluster.primary: Still creating... [08m20s elapsed][0m[0m
[0m[1mgoogle_container_cluster.primary: Still creating... [08m30s elapsed][0m[0m
[0m[1mgoogle_container_cluster.primary: Still creating... [08m40s elapsed][0m[0m
[0m[1mgoogle_container_cluster.primary: Still creating... [08m50s elapsed][0m[0m
[0m[1mgoogle_container_cluster.primary: Still creating... [09m00s elapsed][0m[0m
[0m[1mgoogle_container_cluster.primary: Still creating... [09m10s elapsed][0m[0m
[0m[1mgoogle_container_cluster.primary: Still creating... [09m20s elapsed][0m[0m
[0m[1mgoogle_container_cluster.primary: Still creating... [09m30s elapsed][0m[0m
[0m[1mgoogle_container_cluster.primary: Still creating... [09m40s elapsed][0m[0m
[0m[1mgoogle_container_cluster.primary: Still creating... [09m50s elapsed][0m[0m
[0m[1mgoogle_container_cluster.primary: Still creating... [10m00s elapsed][0m[0m
[0m[1mgoogle_container_cluster.primary: Still creating... [10m10s elapsed][0m[0m
[0m[1mgoogle_container_cluster.primary: Creation complete after 10m19s [id=projects/htwg-cloudapp-hw/locations/us-central1-a/clusters/cloud-app-cluster][0m
[0m[1mdata.google_container_cluster.primary: Reading...[0m[0m
[0m[1mgoogle_container_node_pool.primary_nodes: Creating...[0m[0m
[0m[1mdata.google_container_cluster.primary: Read complete after 1s [id=projects/htwg-cloudapp-hw/locations/us-central1-a/clusters/cloud-app-cluster][0m
[0m[1mgoogle_container_node_pool.primary_nodes: Still creating... [00m10s elapsed][0m[0m
[0m[1mgoogle_container_node_pool.primary_nodes: Still creating... [00m20s elapsed][0m[0m
[0m[1mgoogle_container_node_pool.primary_nodes: Still creating... [00m30s elapsed][0m[0m
[0m[1mgoogle_container_node_pool.primary_nodes: Still creating... [00m40s elapsed][0m[0m
[0m[1mgoogle_container_node_pool.primary_nodes: Still creating... [00m50s elapsed][0m[0m
[0m[1mgoogle_container_node_pool.primary_nodes: Still creating... [01m00s elapsed][0m[0m
[0m[1mgoogle_container_node_pool.primary_nodes: Still creating... [01m10s elapsed][0m[0m
[0m[1mgoogle_container_node_pool.primary_nodes: Still creating... [01m20s elapsed][0m[0m
[0m[1mgoogle_container_node_pool.primary_nodes: Creation complete after 1m24s [id=projects/htwg-cloudapp-hw/locations/us-central1-a/clusters/cloud-app-cluster/nodePools/cloud-app-cluster-node-pool][0m
[0m[1m[32m
Apply complete! Resources: 2 added, 0 changed, 0 destroyed.
[0m[0m[1m[32m
Outputs:

[0mcluster_endpoint = <sensitive>
cluster_name = "cloud-app-cluster"
cluster_region = "us-central1-a"
gcr_repository = "gcr.io/htwg-cloudapp-hw"
kubectl_command = "gcloud container clusters get-credentials cloud-app-cluster --region us-central1-a --project htwg-cloudapp-hw"
next_steps = <<EOT
    
✅ GKE Cluster 已成功建立！
    
接下來請執行以下步驟：
    
1. 連接到 Cluster:
   gcloud container clusters get-credentials cloud-app-cluster --region us-central1-a --project htwg-cloudapp-hw
    
2. 建置並推送 Docker 映像:
   docker build -t gcr.io/htwg-cloudapp-hw/backend-api:latest ./backend-api
   docker build -t gcr.io/htwg-cloudapp-hw/ad-service:latest ./ad-service
   docker build -t gcr.io/htwg-cloudapp-hw/frontend-vue:latest ./frontend-vue
       
   docker push gcr.io/htwg-cloudapp-hw/backend-api:latest
   docker push gcr.io/htwg-cloudapp-hw/ad-service:latest
   docker push gcr.io/htwg-cloudapp-hw/frontend-vue:latest
    
3. 更新 k8s-gke 設定檔中的 PROJECT_ID:
   sed -i '' "s/YOUR_PROJECT_ID/htwg-cloudapp-hw/g" k8s-gke/*.yaml
    
4. 部署應用程式:
   kubectl apply -f k8s-gke/
    

EOT
